
Microsoft Visual Studio Solution File, Format Version 12.00
# Visual Studio 2013
VisualStudioVersion = 12.0.30324.0
MinimumVisualStudioVersion = 10.0.40219.1
Project("{2150E333-8FDC-42A3-9474-1A3956D46DE8}") = "LuYinJi", "LuYinJi", "{721C189D-8C25-4CFD-B554-901B42213360}"
EndProject
Project("{D954291E-2A0B-460D-934E-DC6B0785DB48}") = "LuYinJi.Shared", "LuYinJi\LuYinJi.Shared\LuYinJi.Shared.shproj", "{3B13B48F-23BC-4FA1-9A72-909D9BE92A87}"
EndProject
Project("{FAE04EC0-301F-11D3-BF4B-00C04F79EFBC}") = "LuYinJi.Windows", "LuYinJi\LuYinJi.Windows\LuYinJi.Windows.csproj", "{50CDB552-BF64-41F4-95B7-9911EC2E0929}"
EndProject
Project("{FAE04EC0-301F-11D3-BF4B-00C04F79EFBC}") = "LuYinJi.WindowsPhone", "LuYinJi\LuYinJi.WindowsPhone\LuYinJi.WindowsPhone.csproj", "{2E36F4CA-E5C8-49C0-876B-D8E869AAE0BF}"
EndProject
Global
	GlobalSection(SharedMSBuildProjectFiles) = preSolution
		LuYinJi\LuYinJi.Shared\LuYinJi.Shared.projitems*{3b13b48f-23bc-4fa1-9a72-909d9be92a87}*SharedItemsImports = 13
		LuYinJi\LuYinJi.Shared\LuYinJi.Shared.projitems*{2e36f4ca-e5c8-49c0-876b-d8e869aae0bf}*SharedItemsImports = 4
		LuYinJi\LuYinJi.Shared\LuYinJi.Shared.projitems*{50cdb552-bf64-41f4-95b7-9911ec2e0929}*SharedItemsImports = 4
	EndGlobalSection
	GlobalSection(SolutionConfigurationPlatforms) = preSolution
		Debug|Any CPU = Debug|Any CPU
		Debug|ARM = Debug|ARM
		Debug|x64 = Debug|x64
		Debug|x86 = Debug|x86
		Release|Any CPU = Release|Any CPU
		Release|ARM = Release|ARM
		Release|x64 = Release|x64
		Release|x86 = Release|x86
	EndGlobalSection
	GlobalSection(ProjectConfigurationPlatforms) = postSolution
		{50CDB552-BF64-41F4-95B7-9911EC2E0929}.Debug|Any CPU.ActiveCfg = Debug|Any CPU
		{50CDB552-BF64-41F4-95B7-9911EC2E0929}.Debug|Any CPU.Build.0 = Debug|Any CPU
		{50CDB552-BF64-41F4-95B7-9911EC2E0929}.Debug|Any CPU.Deploy.0 = Debug|Any CPU
		{50CDB552-BF64-41F4-95B7-9911EC2E0929}.Debug|ARM.ActiveCfg = Debug|ARM
		{50CDB552-BF64-41F4-95B7-9911EC2E0929}.Debug|ARM.Build.0 = Debug|ARM
		{50CDB552-BF64-41F4-95B7-9911EC2E0929}.Debug|ARM.Deploy.0 = Debug|ARM
		{50CDB552-BF64-41F4-95B7-9911EC2E0929}.Debug|x64.ActiveCfg = Debug|x64
		{50CDB552-BF64-41F4-95B7-9911EC2E0929}.Debug|x64.Build.0 = Debug|x64
		{50CDB552-BF64-41F4-95B7-9911EC2E0929}.Debug|x64.Deploy.0 = Debug|x64
		{50CDB552-BF64-41F4-95B7-9911EC2E0929}.Debug|x86.ActiveCfg = Debug|x86
		{50CDB552-BF64-41F4-95B7-9911EC2E0929}.Debug|x86.Build.0 = Debug|x86
		{50CDB552-BF64-41F4-95B7-9911EC2E0929}.Debug|x86.Deploy.0 = Debug|x86
		{50CDB552-BF64-41F4-95B7-9911EC2E0929}.Release|Any CPU.ActiveCfg = Release|Any CPU
		{50CDB552-BF64-41F4-95B7-9911EC2E0929}.Release|Any CPU.Build.0 = Release|Any CPU
		{50CDB552-BF64-41F4-95B7-9911EC2E0929}.Release|Any CPU.Deploy.0 = Release|Any CPU
		{50CDB552-BF64-41F4-95B7-9911EC2E0929}.Release|ARM.ActiveCfg = Release|ARM
		{50CDB552-BF64-41F4-95B7-9911EC2E0929}.Release|ARM.Build.0 = Release|ARM
		{50CDB552-BF64-41F4-95B7-9911EC2E0929}.Release|ARM.Deploy.0 = Release|ARM
		{50CDB552-BF64-41F4-95B7-9911EC2E0929}.Release|x64.ActiveCfg = Release|x64
		{50CDB552-BF64-41F4-95B7-9911EC2E0929}.Release|x64.Build.0 = Release|x64
		{50CDB552-BF64-41F4-95B7-9911EC2E0929}.Release|x64.Deploy.0 = Release|x64
		{50CDB552-BF64-41F4-95B7-9911EC2E0929}.Release|x86.ActiveCfg = Release|x86
		{50CDB552-BF64-41F4-95B7-9911EC2E0929}.Release|x86.Build.0 = Release|x86
		{50CDB552-BF64-41F4-95B7-9911EC2E0929}.Release|x86.Deploy.0 = Release|x86
		{2E36F4CA-E5C8-49C0-876B-D8E869AAE0BF}.Debug|Any CPU.ActiveCfg = Debug|Any CPU
		{2E36F4CA-E5C8-49C0-876B-D8E869AAE0BF}.Debug|Any CPU.Build.0 = Debug|Any CPU
		{2E36F4CA-E5C8-49C0-876B-D8E869AAE0BF}.Debug|Any CPU.Deploy.0 = Debug|Any CPU
		{2E36F4CA-E5C8-49C0-876B-D8E869AAE0BF}.Debug|ARM.ActiveCfg = Debug|ARM
		{2E36F4CA-E5C8-49C0-876B-D8E869AAE0BF}.Debug|ARM.Build.0 = Debug|ARM
		{2E36F4CA-E5C8-49C0-876B-D8E869AAE0BF}.Debug|ARM.Deploy.0 = Debug|ARM
		{2E36F4CA-E5C8-49C0-876B-D8E869AAE0BF}.Debug|x64.ActiveCfg = Debug|Any CPU
		{2E36F4CA-E5C8-49C0-876B-D8E869AAE0BF}.Debug|x86.ActiveCfg = Debug|x86
		{2E36F4CA-E5C8-49C0-876B-D8E869AAE0BF}.Debug|x86.Build.0 = Debug|x86
		{2E36F4CA-E5C8-49C0-876B-D8E869AAE0BF}.Debug|x86.Deploy.0 = Debug|x86
		{2E36F4CA-E5C8-49C0-876B-D8E869AAE0BF}.Release|Any CPU.ActiveCfg = Release|Any CPU
		{2E36F4CA-E5C8-49C0-876B-D8E869AAE0BF}.Release|Any CPU.Build.0 = Release|Any CPU
		{2E36F4CA-E5C8-49C0-876B-D8E869AAE0BF}.Release|Any CPU.Deploy.0 = Release|Any CPU
		{2E36F4CA-E5C8-49C0-876B-D8E869AAE0BF}.Release|ARM.ActiveCfg = Release|ARM
		{2E36F4CA-E5C8-49C0-876B-D8E869AAE0BF}.Release|ARM.Build.0 = Release|ARM
		{2E36F4CA-E5C8-49C0-876B-D8E869AAE0BF}.Release|ARM.Deploy.0 = Release|ARM
		{2E36F4CA-E5C8-49C0-876B-D8E869AAE0BF}.Release|x64.ActiveCfg = Release|Any CPU
		{2E36F4CA-E5C8-49C0-876B-D8E869AAE0BF}.Release|x86.ActiveCfg = Release|x86
		{2E36F4CA-E5C8-49C0-876B-D8E869AAE0BF}.Release|x86.Build.0 = Release|x86
		{2E36F4CA-E5C8-49C0-876B-D8E869AAE0BF}.Release|x86.Deploy.0 = Release|x86
	EndGlobalSection
	GlobalSection(SolutionProperties) = preSolution
		HideSolutionNode = FALSE
	EndGlobalSection
	GlobalSection(NestedProjects) = preSolution
		{3B13B48F-23BC-4FA1-9A72-909D9BE92A87} = {721C189D-8C25-4CFD-B554-901B42213360}
		{50CDB552-BF64-41F4-95B7-9911EC2E0929} = {721C189D-8C25-4CFD-B554-901B42213360}
		{2E36F4CA-E5C8-49C0-876B-D8E869AAE0BF} = {721C189D-8C25-4CFD-B554-901B42213360}
	EndGlobalSection
EndGlobal
